
Microsoft Visual Studio Solution File, Format Version 12.00
# Visual Studio Version 17
VisualStudioVersion = 17.8.34525.116
MinimumVisualStudioVersion = 10.0.40219.1
Project("{FAE04EC0-301F-11D3-BF4B-00C04F79EFBC}") = "School_management", "School_management\School_management.csproj", "{59E95980-D0DB-4189-B7E9-99843580BBEA}"
EndProject
Global
	GlobalSection(SolutionConfigurationPlatforms) = preSolution
		Debug|Any CPU = Debug|Any CPU
		Release|Any CPU = Release|Any CPU
	EndGlobalSection
	GlobalSection(ProjectConfigurationPlatforms) = postSolution
		{59E95980-D0DB-4189-B7E9-99843580BBEA}.Debug|Any CPU.ActiveCfg = Debug|Any CPU
		{59E95980-D0DB-4189-B7E9-99843580BBEA}.Debug|Any CPU.Build.0 = Debug|Any CPU
		{59E95980-D0DB-4189-B7E9-99843580BBEA}.Release|Any CPU.ActiveCfg = Release|Any CPU
		{59E95980-D0DB-4189-B7E9-99843580BBEA}.Release|Any CPU.Build.0 = Release|Any CPU
	EndGlobalSection
	GlobalSection(SolutionProperties) = preSolution
		HideSolutionNode = FALSE
	EndGlobalSection
	GlobalSection(ExtensibilityGlobals) = postSolution
		SolutionGuid = {C4157B6B-27C4-4291-92C9-F04BF563272D}
	EndGlobalSection
EndGlobal
